
Microsoft Visual Studio Solution File, Format Version 12.00
# Visual Studio Version 17
VisualStudioVersion = 17.6.33815.320
MinimumVisualStudioVersion = 10.0.40219.1
Project("{FAE04EC0-301F-11D3-BF4B-00C04F79EFBC}") = "TighteningStrap", "TighteningStrap.csproj", "{756383EC-18DF-4EB8-95F1-C0670AF5B278}"
EndProject
Global
	GlobalSection(SolutionConfigurationPlatforms) = preSolution
		Debug|Any CPU = Debug|Any CPU
		Release|Any CPU = Release|Any CPU
	EndGlobalSection
	GlobalSection(ProjectConfigurationPlatforms) = postSolution
		{756383EC-18DF-4EB8-95F1-C0670AF5B278}.Debug|Any CPU.ActiveCfg = Debug|Any CPU
		{756383EC-18DF-4EB8-95F1-C0670AF5B278}.Debug|Any CPU.Build.0 = Debug|Any CPU
		{756383EC-18DF-4EB8-95F1-C0670AF5B278}.Release|Any CPU.ActiveCfg = Release|Any CPU
		{756383EC-18DF-4EB8-95F1-C0670AF5B278}.Release|Any CPU.Build.0 = Release|Any CPU
	EndGlobalSection
	GlobalSection(SolutionProperties) = preSolution
		HideSolutionNode = FALSE
	EndGlobalSection
	GlobalSection(ExtensibilityGlobals) = postSolution
		SolutionGuid = {BBAEA271-778B-4FC6-B291-E887CF8E056F}
	EndGlobalSection
EndGlobal
